// !$*UTF8*$!
{
	archiveVersion = 1;
	classes = {
	};
	objectVersion = 46;
	objects = {

/* Begin PBXBuildFile section */
		3D4172671E21F03F004DB35B /* AppDelegate.swift in Sources */ = {isa = PBXBuildFile; fileRef = 3D4172661E21F03F004DB35B /* AppDelegate.swift */; };
		3D4172691E21F03F004DB35B /* ViewController.swift in Sources */ = {isa = PBXBuildFile; fileRef = 3D4172681E21F03F004DB35B /* ViewController.swift */; };
		3D41726C1E21F03F004DB35B /* Main.storyboard in Resources */ = {isa = PBXBuildFile; fileRef = 3D41726A1E21F03F004DB35B /* Main.storyboard */; };
		3D41726E1E21F03F004DB35B /* Assets.xcassets in Resources */ = {isa = PBXBuildFile; fileRef = 3D41726D1E21F03F004DB35B /* Assets.xcassets */; };
		3D4172711E21F03F004DB35B /* LaunchScreen.storyboard in Resources */ = {isa = PBXBuildFile; fileRef = 3D41726F1E21F03F004DB35B /* LaunchScreen.storyboard */; };
/* End PBXBuildFile section */

/* Begin PBXFileReference section */
		3D4172631E21F03F004DB35B /* Pages.app */ = {isa = PBXFileReference; explicitFileType = wrapper.application; includeInIndex = 0; path = Pages.app; sourceTree = BUILT_PRODUCTS_DIR; };
		3D4172661E21F03F004DB35B /* AppDelegate.swift */ = {isa = PBXFileReference; lastKnownFileType = sourcecode.swift; path = AppDelegate.swift; sourceTree = "<group>"; };
		3D4172681E21F03F004DB35B /* ViewController.swift */ = {isa = PBXFileReference; lastKnownFileType = sourcecode.swift; path = ViewController.swift; sourceTree = "<group>"; };
		3D41726B1E21F03F004DB35B /* Base */ = {isa = PBXFileReference; lastKnownFileType = file.storyboard; name = Base; path = Base.lproj/Main.storyboard; sourceTree = "<group>"; };
		3D41726D1E21F03F004DB35B /* Assets.xcassets */ = {isa = PBXFileReference; lastKnownFileType = folder.assetcatalog; path = Assets.xcassets; sourceTree = "<group>"; };
		3D4172701E21F03F004DB35B /* Base */ = {isa = PBXFileReference; lastKnownFileType = file.storyboard; name = Base; path = Base.lproj/LaunchScreen.storyboard; sourceTree = "<group>"; };
		3D4172721E21F03F004DB35B /* Info.plist */ = {isa = PBXFileReference; lastKnownFileType = text.plist.xml; path = Info.plist; sourceTree = "<group>"; };
/* End PBXFileReference section */

/* Begin PBXFrameworksBuildPhase section */
		3D4172601E21F03E004DB35B /* Frameworks */ = {
			isa = PBXFrameworksBuildPhase;
			buildActionMask = 2147483647;
			files = (
			);
			runOnlyForDeploymentPostprocessing = 0;
		};
/* End PBXFrameworksBuildPhase section */

/* Begin PBXGroup section */
		3D41725A1E21F03E004DB35B = {
			isa = PBXGroup;
			children = (
				3D4172651E21F03F004DB35B /* Pages */,
				3D4172641E21F03F004DB35B /* Products */,
			);
			sourceTree = "<group>";
		};
		3D4172641E21F03F004DB35B /* Products */ = {
			isa = PBXGroup;
			children = (
				3D4172631E21F03F004DB35B /* Pages.app */,
			);
			name = Products;
			sourceTree = "<group>";
		};
		3D4172651E21F03F004DB35B /* Pages */ = {
			isa = PBXGroup;
			children = (
				3D4172661E21F03F004DB35B /* AppDelegate.swift */,
				3D4172681E21F03F004DB35B /* ViewController.swift */,
				3D41726A1E21F03F004DB35B /* Main.storyboard */,
				3D41726D1E21F03F004DB35B /* Assets.xcassets */,
				3D41726F1E21F03F004DB35B /* LaunchScreen.storyboard */,
				3D4172721E21F03F004DB35B /* Info.plist */,
			);
			path = Pages;
			sourceTree = "<group>";
		};
/* End PBXGroup section */

/* Begin PBXNativeTarget section */
		3D4172621E21F03E004DB35B /* Pages */ = {
			isa = PBXNativeTarget;
			buildConfigurationList = 3D4172751E21F03F004DB35B /* Build configuration list for PBXNativeTarget "Pages" */;
			buildPhases = (
				3D41725F1E21F03E004DB35B /* Sources */,
				3D4172601E21F03E004DB35B /* Frameworks */,
				3D4172611E21F03E004DB35B /* Resources */,
			);
			buildRules = (
			);
			dependencies = (
			);
			name = Pages;
			productName = Pages;
			productReference = 3D4172631E21F03F004DB35B /* Pages.app */;
			productType = "com.apple.product-type.application";
		};
/* End PBXNativeTarget section */

/* Begin PBXProject section */
		3D41725B1E21F03E004DB35B /* Project object */ = {
			isa = PBXProject;
			attributes = {
				LastSwiftUpdateCheck = 0820;
				LastUpgradeCheck = 0820;
				ORGANIZATIONNAME = "Porter Anderson";
				TargetAttributes = {
					3D4172621E21F03E004DB35B = {
						CreatedOnToolsVersion = 8.2.1;
						ProvisioningStyle = Automatic;
					};
				};
			};
			buildConfigurationList = 3D41725E1E21F03E004DB35B /* Build configuration list for PBXProject "Pages" */;
			compatibilityVersion = "Xcode 3.2";
			developmentRegion = English;
			hasScannedForEncodings = 0;
			knownRegions = (
				en,
				Base,
			);
			mainGroup = 3D41725A1E21F03E004DB35B;
			productRefGroup = 3D4172641E21F03F004DB35B /* Products */;
			projectDirPath = "";
			projectRoot = "";
			targets = (
				3D4172621E21F03E004DB35B /* Pages */,
			);
		};
/* End PBXProject section */

/* Begin PBXResourcesBuildPhase section */
		3D4172611E21F03E004DB35B /* Resources */ = {
			isa = PBXResourcesBuildPhase;
			buildActionMask = 2147483647;
			files = (
				3D4172711E21F03F004DB35B /* LaunchScreen.storyboard in Resources */,
				3D41726E1E21F03F004DB35B /* Assets.xcassets in Resources */,
				3D41726C1E21F03F004DB35B /* Main.storyboard in Resources */,
			);
			runOnlyForDeploymentPostprocessing = 0;
		};
/* End PBXResourcesBuildPhase section */

/* Begin PBXSourcesBuildPhase section */
		3D41725F1E21F03E004DB35B /* Sources */ = {
			isa = PBXSourcesBuildPhase;
			buildActionMask = 2147483647;
			files = (
				3D4172691E21F03F004DB35B /* ViewController.swift in Sources */,
				3D4172671E21F03F004DB35B /* AppDelegate.swift in Sources */,
			);
			runOnlyForDeploymentPostprocessing = 0;
		};
/* End PBXSourcesBuildPhase section */

/* Begin PBXVariantGroup section */
		3D41726A1E21F03F004DB35B /* Main.storyboard */ = {
			isa = PBXVariantGroup;
			children = (
				3D41726B1E21F03F004DB35B /* Base */,
			);
			name = Main.storyboard;
			sourceTree = "<group>";
		};
		3D41726F1E21F03F004DB35B /* LaunchScreen.storyboard */ = {
			isa = PBXVariantGroup;
			children = (
				3D4172701E21F03F004DB35B /* Base */,
			);
			name = LaunchScreen.storyboard;
			sourceTree = "<group>";
		};
/* End PBXVariantGroup section */

/* Begin XCBuildConfiguration section */
		3D4172731E21F03F004DB35B /* Debug */ = {
			isa = XCBuildConfiguration;
			buildSettings = {
				ALWAYS_SEARCH_USER_PATHS = NO;
				CLANG_ANALYZER_NONNULL = YES;
				CLANG_CXX_LANGUAGE_STANDARD = "gnu++0x";
				CLANG_CXX_LIBRARY = "libc++";
				CLANG_ENABLE_MODULES = YES;
				CLANG_ENABLE_OBJC_ARC = YES;
				CLANG_WARN_BOOL_CONVERSION = YES;
				CLANG_WARN_CONSTANT_CONVERSION = YES;
				CLANG_WARN_DIRECT_OBJC_ISA_USAGE = YES_ERROR;
				CLANG_WARN_DOCUMENTATION_COMMENTS = YES;
				CLANG_WARN_EMPTY_BODY = YES;
				CLANG_WARN_ENUM_CONVERSION = YES;
				CLANG_WARN_INFINITE_RECURSION = YES;
				CLANG_WARN_INT_CONVERSION = YES;
				CLANG_WARN_OBJC_ROOT_CLASS = YES_ERROR;
				CLANG_WARN_SUSPICIOUS_MOVE = YES;
				CLANG_WARN_UNREACHABLE_CODE = YES;
				CLANG_WARN__DUPLICATE_METHOD_MATCH = YES;
				"CODE_SIGN_IDENTITY[sdk=iphoneos*]" = "iPhone Developer";
				COPY_PHASE_STRIP = NO;
				DEBUG_INFORMATION_FORMAT = dwarf;
				ENABLE_STRICT_OBJC_MSGSEND = YES;
				ENABLE_TESTABILITY = YES;
				GCC_C_LANGUAGE_STANDARD = gnu99;
				GCC_DYNAMIC_NO_PIC = NO;
				GCC_NO_COMMON_BLOCKS = YES;
				GCC_OPTIMIZATION_LEVEL = 0;
				GCC_PREPROCESSOR_DEFINITIONS = (
					"DEBUG=1",
					"$(inherited)",
				);
				GCC_WARN_64_TO_32_BIT_CONVERSION = YES;
				GCC_WARN_ABOUT_RETURN_TYPE = YES_ERROR;
				GCC_WARN_UNDECLARED_SELECTOR = YES;
				GCC_WARN_UNINITIALIZED_AUTOS = YES_AGGRESSIVE;
				GCC_WARN_UNUSED_FUNCTION = YES;
				GCC_WARN_UNUSED_VARIABLE = YES;
				IPHONEOS_DEPLOYMENT_TARGET = 10.2;
				MTL_ENABLE_DEBUG_INFO = YES;
				ONLY_ACTIVE_ARCH = YES;
				SDKROOT = iphoneos;
				SWIFT_ACTIVE_COMPILATION_CONDITIONS = DEBUG;
				SWIFT_OPTIMIZATION_LEVEL = "-Onone";
			};
			name = Debug;
		};
		3D4172741E21F03F004DB35B /* Release */ = {
			isa = XCBuildConfiguration;
			buildSettings = {
				ALWAYS_SEARCH_USER_PATHS = NO;
				CLANG_ANALYZER_NONNULL = YES;
				CLANG_CXX_LANGUAGE_STANDARD = "gnu++0x";
				CLANG_CXX_LIBRARY = "libc++";
				CLANG_ENABLE_MODULES = YES;
				CLANG_ENABLE_OBJC_ARC = YES;
				CLANG_WARN_BOOL_CONVERSION = YES;
				CLANG_WARN_CONSTANT_CONVERSION = YES;
				CLANG_WARN_DIRECT_OBJC_ISA_USAGE = YES_ERROR;
				CLANG_WARN_DOCUMENTATION_COMMENTS = YES;
				CLANG_WARN_EMPTY_BODY = YES;
				CLANG_WARN_ENUM_CONVERSION = YES;
				CLANG_WARN_INFINITE_RECURSION = YES;
				CLANG_WARN_INT_CONVERSION = YES;
				CLANG_WARN_OBJC_ROOT_CLASS = YES_ERROR;
				CLANG_WARN_SUSPICIOUS_MOVE = YES;
				CLANG_WARN_UNREACHABLE_CODE = YES;
				CLANG_WARN__DUPLICATE_METHOD_MATCH = YES;
				"CODE_SIGN_IDENTITY[sdk=iphoneos*]" = "iPhone Developer";
				COPY_PHASE_STRIP = NO;
				DEBUG_INFORMATION_FORMAT = "dwarf-with-dsym";
				ENABLE_NS_ASSERTIONS = NO;
				ENABLE_STRICT_OBJC_MSGSEND = YES;
				GCC_C_LANGUAGE_STANDARD = gnu99;
				GCC_NO_COMMON_BLOCKS = YES;
				GCC_WARN_64_TO_32_BIT_CONVERSION = YES;
				GCC_WARN_ABOUT_RETURN_TYPE = YES_ERROR;
				GCC_WARN_UNDECLARED_SELECTOR = YES;
				GCC_WARN_UNINITIALIZED_AUTOS = YES_AGGRESSIVE;
				GCC_WARN_UNUSED_FUNCTION = YES;
				GCC_WARN_UNUSED_VARIABLE = YES;
				IPHONEOS_DEPLOYMENT_TARGET = 10.2;
				MTL_ENABLE_DEBUG_INFO = NO;
				SDKROOT = iphoneos;
				SWIFT_OPTIMIZATION_LEVEL = "-Owholemodule";
				VALIDATE_PRODUCT = YES;
			};
			name = Release;
		};
		3D4172761E21F03F004DB35B /* Debug */ = {
			isa = XCBuildConfiguration;
			buildSettings = {
				ASSETCATALOG_COMPILER_APPICON_NAME = AppIcon;
				INFOPLIST_FILE = Pages/Info.plist;
				LD_RUNPATH_SEARCH_PATHS = "$(inherited) @executable_path/Frameworks";
				PRODUCT_BUNDLE_IDENTIFIER = com.porterAnderson.Pages;
				PRODUCT_NAME = "$(TARGET_NAME)";
				SWIFT_VERSION = 3.0;
			};
			name = Debug;
		};
		3D4172771E21F03F004DB35B /* Release */ = {
			isa = XCBuildConfiguration;
			buildSettings = {
				ASSETCATALOG_COMPILER_APPICON_NAME = AppIcon;
				INFOPLIST_FILE = Pages/Info.plist;
				LD_RUNPATH_SEARCH_PATHS = "$(inherited) @executable_path/Frameworks";
				PRODUCT_BUNDLE_IDENTIFIER = com.porterAnderson.Pages;
				PRODUCT_NAME = "$(TARGET_NAME)";
				SWIFT_VERSION = 3.0;
			};
			name = Release;
		};
/* End XCBuildConfiguration section */

/* Begin XCConfigurationList section */
		3D41725E1E21F03E004DB35B /* Build configuration list for PBXProject "Pages" */ = {
			isa = XCConfigurationList;
			buildConfigurations = (
				3D4172731E21F03F004DB35B /* Debug */,
				3D4172741E21F03F004DB35B /* Release */,
			);
			defaultConfigurationIsVisible = 0;
			defaultConfigurationName = Release;
		};
		3D4172751E21F03F004DB35B /* Build configuration list for PBXNativeTarget "Pages" */ = {
			isa = XCConfigurationList;
			buildConfigurations = (
				3D4172761E21F03F004DB35B /* Debug */,
				3D4172771E21F03F004DB35B /* Release */,
			);
			defaultConfigurationIsVisible = 0;
		};
/* End XCConfigurationList section */
	};
	rootObject = 3D41725B1E21F03E004DB35B /* Project object */;
}
